// !$*UTF8*$!
{
	archiveVersion = 1;
	classes = {
	};
	objectVersion = 46;
	objects = {

/* Begin PBXBuildFile section */
		DE59FD071E7F7C2400F701C1 /* AboutViewController.swift in Sources */ = {isa = PBXBuildFile; fileRef = DE59FD061E7F7C2400F701C1 /* AboutViewController.swift */; };
		DEDA3C961E7F57F40031011D /* AppDelegate.swift in Sources */ = {isa = PBXBuildFile; fileRef = DEDA3C951E7F57F40031011D /* AppDelegate.swift */; };
		DEDA3C981E7F57F40031011D /* ViewController.swift in Sources */ = {isa = PBXBuildFile; fileRef = DEDA3C971E7F57F40031011D /* ViewController.swift */; };
		DEDA3C9B1E7F57F40031011D /* Main.storyboard in Resources */ = {isa = PBXBuildFile; fileRef = DEDA3C991E7F57F40031011D /* Main.storyboard */; };
		DEDA3C9D1E7F57F40031011D /* Assets.xcassets in Resources */ = {isa = PBXBuildFile; fileRef = DEDA3C9C1E7F57F40031011D /* Assets.xcassets */; };
		DEDA3CA01E7F57F40031011D /* LaunchScreen.storyboard in Resources */ = {isa = PBXBuildFile; fileRef = DEDA3C9E1E7F57F40031011D /* LaunchScreen.storyboard */; };
/* End PBXBuildFile section */

/* Begin PBXFileReference section */
		DE59FD061E7F7C2400F701C1 /* AboutViewController.swift */ = {isa = PBXFileReference; fileEncoding = 4; lastKnownFileType = sourcecode.swift; path = AboutViewController.swift; sourceTree = "<group>"; };
		DEDA3C921E7F57F40031011D /* BullsEye.app */ = {isa = PBXFileReference; explicitFileType = wrapper.application; includeInIndex = 0; path = BullsEye.app; sourceTree = BUILT_PRODUCTS_DIR; };
		DEDA3C951E7F57F40031011D /* AppDelegate.swift */ = {isa = PBXFileReference; lastKnownFileType = sourcecode.swift; path = AppDelegate.swift; sourceTree = "<group>"; };
		DEDA3C971E7F57F40031011D /* ViewController.swift */ = {isa = PBXFileReference; lastKnownFileType = sourcecode.swift; path = ViewController.swift; sourceTree = "<group>"; };
		DEDA3C9A1E7F57F40031011D /* Base */ = {isa = PBXFileReference; lastKnownFileType = file.storyboard; name = Base; path = Base.lproj/Main.storyboard; sourceTree = "<group>"; };
		DEDA3C9C1E7F57F40031011D /* Assets.xcassets */ = {isa = PBXFileReference; lastKnownFileType = folder.assetcatalog; path = Assets.xcassets; sourceTree = "<group>"; };
		DEDA3C9F1E7F57F40031011D /* Base */ = {isa = PBXFileReference; lastKnownFileType = file.storyboard; name = Base; path = Base.lproj/LaunchScreen.storyboard; sourceTree = "<group>"; };
		DEDA3CA11E7F57F40031011D /* Info.plist */ = {isa = PBXFileReference; lastKnownFileType = text.plist.xml; path = Info.plist; sourceTree = "<group>"; };
/* End PBXFileReference section */

/* Begin PBXFrameworksBuildPhase section */
		DEDA3C8F1E7F57F20031011D /* Frameworks */ = {
			isa = PBXFrameworksBuildPhase;
			buildActionMask = 2147483647;
			files = (
			);
			runOnlyForDeploymentPostprocessing = 0;
		};
/* End PBXFrameworksBuildPhase section */

/* Begin PBXGroup section */
		DEDA3C891E7F57F20031011D = {
			isa = PBXGroup;
			children = (
				DEDA3C941E7F57F40031011D /* BullsEye */,
				DEDA3C931E7F57F40031011D /* Products */,
			);
			sourceTree = "<group>";
		};
		DEDA3C931E7F57F40031011D /* Products */ = {
			isa = PBXGroup;
			children = (
				DEDA3C921E7F57F40031011D /* BullsEye.app */,
			);
			name = Products;
			sourceTree = "<group>";
		};
		DEDA3C941E7F57F40031011D /* BullsEye */ = {
			isa = PBXGroup;
			children = (
				DEDA3C951E7F57F40031011D /* AppDelegate.swift */,
				DEDA3C971E7F57F40031011D /* ViewController.swift */,
				DE59FD061E7F7C2400F701C1 /* AboutViewController.swift */,
				DEDA3C991E7F57F40031011D /* Main.storyboard */,
				DEDA3C9C1E7F57F40031011D /* Assets.xcassets */,
				DEDA3C9E1E7F57F40031011D /* LaunchScreen.storyboard */,
				DEDA3CA11E7F57F40031011D /* Info.plist */,
			);
			path = BullsEye;
			sourceTree = "<group>";
		};
/* End PBXGroup section */

/* Begin PBXNativeTarget section */
		DEDA3C911E7F57F20031011D /* BullsEye */ = {
			isa = PBXNativeTarget;
			buildConfigurationList = DEDA3CA41E7F57F40031011D /* Build configuration list for PBXNativeTarget "BullsEye" */;
			buildPhases = (
				DEDA3C8E1E7F57F20031011D /* Sources */,
				DEDA3C8F1E7F57F20031011D /* Frameworks */,
				DEDA3C901E7F57F20031011D /* Resources */,
			);
			buildRules = (
			);
			dependencies = (
			);
			name = BullsEye;
			productName = BullsEye;
			productReference = DEDA3C921E7F57F40031011D /* BullsEye.app */;
			productType = "com.apple.product-type.application";
		};
/* End PBXNativeTarget section */

/* Begin PBXProject section */
		DEDA3C8A1E7F57F20031011D /* Project object */ = {
			isa = PBXProject;
			attributes = {
				LastSwiftUpdateCheck = 0820;
				LastUpgradeCheck = 0820;
				ORGANIZATIONNAME = "Dumb Unicorn";
				TargetAttributes = {
					DEDA3C911E7F57F20031011D = {
						CreatedOnToolsVersion = 8.2.1;
						DevelopmentTeam = 42ESUZ8BZJ;
						ProvisioningStyle = Automatic;
					};
				};
			};
			buildConfigurationList = DEDA3C8D1E7F57F20031011D /* Build configuration list for PBXProject "BullsEye" */;
			compatibilityVersion = "Xcode 3.2";
			developmentRegion = English;
			hasScannedForEncodings = 0;
			knownRegions = (
				en,
				Base,
			);
			mainGroup = DEDA3C891E7F57F20031011D;
			productRefGroup = DEDA3C931E7F57F40031011D /* Products */;
			projectDirPath = "";
			projectRoot = "";
			targets = (
				DEDA3C911E7F57F20031011D /* BullsEye */,
			);
		};
/* End PBXProject section */

/* Begin PBXResourcesBuildPhase section */
		DEDA3C901E7F57F20031011D /* Resources */ = {
			isa = PBXResourcesBuildPhase;
			buildActionMask = 2147483647;
			files = (
				DEDA3CA01E7F57F40031011D /* LaunchScreen.storyboard in Resources */,
				DEDA3C9D1E7F57F40031011D /* Assets.xcassets in Resources */,
				DEDA3C9B1E7F57F40031011D /* Main.storyboard in Resources */,
			);
			runOnlyForDeploymentPostprocessing = 0;
		};
/* End PBXResourcesBuildPhase section */

/* Begin PBXSourcesBuildPhase section */
		DEDA3C8E1E7F57F20031011D /* Sources */ = {
			isa = PBXSourcesBuildPhase;
			buildActionMask = 2147483647;
			files = (
				DE59FD071E7F7C2400F701C1 /* AboutViewController.swift in Sources */,
				DEDA3C981E7F57F40031011D /* ViewController.swift in Sources */,
				DEDA3C961E7F57F40031011D /* AppDelegate.swift in Sources */,
			);
			runOnlyForDeploymentPostprocessing = 0;
		};
/* End PBXSourcesBuildPhase section */

/* Begin PBXVariantGroup section */
		DEDA3C991E7F57F40031011D /* Main.storyboard */ = {
			isa = PBXVariantGroup;
			children = (
				DEDA3C9A1E7F57F40031011D /* Base */,
			);
			name = Main.storyboard;
			sourceTree = "<group>";
		};
		DEDA3C9E1E7F57F40031011D /* LaunchScreen.storyboard */ = {
			isa = PBXVariantGroup;
			children = (
				DEDA3C9F1E7F57F40031011D /* Base */,
			);
			name = LaunchScreen.storyboard;
			sourceTree = "<group>";
		};
/* End PBXVariantGroup section */

/* Begin XCBuildConfiguration section */
		DEDA3CA21E7F57F40031011D /* Debug */ = {
			isa = XCBuildConfiguration;
			buildSettings = {
				ALWAYS_SEARCH_USER_PATHS = NO;
				CLANG_ANALYZER_NONNULL = YES;
				CLANG_CXX_LANGUAGE_STANDARD = "gnu++0x";
				CLANG_CXX_LIBRARY = "libc++";
				CLANG_ENABLE_MODULES = YES;
				CLANG_ENABLE_OBJC_ARC = YES;
				CLANG_WARN_BOOL_CONVERSION = YES;
				CLANG_WARN_CONSTANT_CONVERSION = YES;
				CLANG_WARN_DIRECT_OBJC_ISA_USAGE = YES_ERROR;
				CLANG_WARN_DOCUMENTATION_COMMENTS = YES;
				CLANG_WARN_EMPTY_BODY = YES;
				CLANG_WARN_ENUM_CONVERSION = YES;
				CLANG_WARN_INFINITE_RECURSION = YES;
				CLANG_WARN_INT_CONVERSION = YES;
				CLANG_WARN_OBJC_ROOT_CLASS = YES_ERROR;
				CLANG_WARN_SUSPICIOUS_MOVE = YES;
				CLANG_WARN_UNREACHABLE_CODE = YES;
				CLANG_WARN__DUPLICATE_METHOD_MATCH = YES;
				"CODE_SIGN_IDENTITY[sdk=iphoneos*]" = "iPhone Developer";
				COPY_PHASE_STRIP = NO;
				DEBUG_INFORMATION_FORMAT = dwarf;
				ENABLE_STRICT_OBJC_MSGSEND = YES;
				ENABLE_TESTABILITY = YES;
				GCC_C_LANGUAGE_STANDARD = gnu99;
				GCC_DYNAMIC_NO_PIC = NO;
				GCC_NO_COMMON_BLOCKS = YES;
				GCC_OPTIMIZATION_LEVEL = 0;
				GCC_PREPROCESSOR_DEFINITIONS = (
					"DEBUG=1",
					"$(inherited)",
				);
				GCC_WARN_64_TO_32_BIT_CONVERSION = YES;
				GCC_WARN_ABOUT_RETURN_TYPE = YES_ERROR;
				GCC_WARN_UNDECLARED_SELECTOR = YES;
				GCC_WARN_UNINITIALIZED_AUTOS = YES_AGGRESSIVE;
				GCC_WARN_UNUSED_FUNCTION = YES;
				GCC_WARN_UNUSED_VARIABLE = YES;
				IPHONEOS_DEPLOYMENT_TARGET = 10.2;
				MTL_ENABLE_DEBUG_INFO = YES;
				ONLY_ACTIVE_ARCH = YES;
				SDKROOT = iphoneos;
				SWIFT_ACTIVE_COMPILATION_CONDITIONS = DEBUG;
				SWIFT_OPTIMIZATION_LEVEL = "-Onone";
			};
			name = Debug;
		};
		DEDA3CA31E7F57F40031011D /* Release */ = {
			isa = XCBuildConfiguration;
			buildSettings = {
				ALWAYS_SEARCH_USER_PATHS = NO;
				CLANG_ANALYZER_NONNULL = YES;
				CLANG_CXX_LANGUAGE_STANDARD = "gnu++0x";
				CLANG_CXX_LIBRARY = "libc++";
				CLANG_ENABLE_MODULES = YES;
				CLANG_ENABLE_OBJC_ARC = YES;
				CLANG_WARN_BOOL_CONVERSION = YES;
				CLANG_WARN_CONSTANT_CONVERSION = YES;
				CLANG_WARN_DIRECT_OBJC_ISA_USAGE = YES_ERROR;
				CLANG_WARN_DOCUMENTATION_COMMENTS = YES;
				CLANG_WARN_EMPTY_BODY = YES;
				CLANG_WARN_ENUM_CONVERSION = YES;
				CLANG_WARN_INFINITE_RECURSION = YES;
				CLANG_WARN_INT_CONVERSION = YES;
				CLANG_WARN_OBJC_ROOT_CLASS = YES_ERROR;
				CLANG_WARN_SUSPICIOUS_MOVE = YES;
				CLANG_WARN_UNREACHABLE_CODE = YES;
				CLANG_WARN__DUPLICATE_METHOD_MATCH = YES;
				"CODE_SIGN_IDENTITY[sdk=iphoneos*]" = "iPhone Developer";
				COPY_PHASE_STRIP = NO;
				DEBUG_INFORMATION_FORMAT = "dwarf-with-dsym";
				ENABLE_NS_ASSERTIONS = NO;
				ENABLE_STRICT_OBJC_MSGSEND = YES;
				GCC_C_LANGUAGE_STANDARD = gnu99;
				GCC_NO_COMMON_BLOCKS = YES;
				GCC_WARN_64_TO_32_BIT_CONVERSION = YES;
				GCC_WARN_ABOUT_RETURN_TYPE = YES_ERROR;
				GCC_WARN_UNDECLARED_SELECTOR = YES;
				GCC_WARN_UNINITIALIZED_AUTOS = YES_AGGRESSIVE;
				GCC_WARN_UNUSED_FUNCTION = YES;
				GCC_WARN_UNUSED_VARIABLE = YES;
				IPHONEOS_DEPLOYMENT_TARGET = 10.2;
				MTL_ENABLE_DEBUG_INFO = NO;
				SDKROOT = iphoneos;
				SWIFT_OPTIMIZATION_LEVEL = "-Owholemodule";
				VALIDATE_PRODUCT = YES;
			};
			name = Release;
		};
		DEDA3CA51E7F57F40031011D /* Debug */ = {
			isa = XCBuildConfiguration;
			buildSettings = {
				ASSETCATALOG_COMPILER_APPICON_NAME = AppIcon;
				DEVELOPMENT_TEAM = 42ESUZ8BZJ;
				INFOPLIST_FILE = BullsEye/Info.plist;
				LD_RUNPATH_SEARCH_PATHS = "$(inherited) @executable_path/Frameworks";
				PRODUCT_BUNDLE_IDENTIFIER = com.DumbUnicorn.BullsEye;
				PRODUCT_NAME = "$(TARGET_NAME)";
				SWIFT_VERSION = 3.0;
			};
			name = Debug;
		};
		DEDA3CA61E7F57F40031011D /* Release */ = {
			isa = XCBuildConfiguration;
			buildSettings = {
				ASSETCATALOG_COMPILER_APPICON_NAME = AppIcon;
				DEVELOPMENT_TEAM = 42ESUZ8BZJ;
				INFOPLIST_FILE = BullsEye/Info.plist;
				LD_RUNPATH_SEARCH_PATHS = "$(inherited) @executable_path/Frameworks";
				PRODUCT_BUNDLE_IDENTIFIER = com.DumbUnicorn.BullsEye;
				PRODUCT_NAME = "$(TARGET_NAME)";
				SWIFT_VERSION = 3.0;
			};
			name = Release;
		};
/* End XCBuildConfiguration section */

/* Begin XCConfigurationList section */
		DEDA3C8D1E7F57F20031011D /* Build configuration list for PBXProject "BullsEye" */ = {
			isa = XCConfigurationList;
			buildConfigurations = (
				DEDA3CA21E7F57F40031011D /* Debug */,
				DEDA3CA31E7F57F40031011D /* Release */,
			);
			defaultConfigurationIsVisible = 0;
			defaultConfigurationName = Release;
		};
		DEDA3CA41E7F57F40031011D /* Build configuration list for PBXNativeTarget "BullsEye" */ = {
			isa = XCConfigurationList;
			buildConfigurations = (
				DEDA3CA51E7F57F40031011D /* Debug */,
				DEDA3CA61E7F57F40031011D /* Release */,
			);
			defaultConfigurationIsVisible = 0;
			defaultConfigurationName = Release;
		};
/* End XCConfigurationList section */
	};
	rootObject = DEDA3C8A1E7F57F20031011D /* Project object */;
}
